// !$*UTF8*$!
{
	archiveVersion = 1;
	classes = {
	};
	objectVersion = 52;
	objects = {

/* Begin PBXBuildFile section */
		606EB65E27570D97004206D9 /* MovieDetailsViewController.swift in Sources */ = {isa = PBXBuildFile; fileRef = 606EB65D27570D97004206D9 /* MovieDetailsViewController.swift */; };
		606EB660275984BC004206D9 /* MovieGridViewController.swift in Sources */ = {isa = PBXBuildFile; fileRef = 606EB65F275984BB004206D9 /* MovieGridViewController.swift */; };
		606EB662275AE138004206D9 /* MovieGridCell.swift in Sources */ = {isa = PBXBuildFile; fileRef = 606EB661275AE138004206D9 /* MovieGridCell.swift */; };
		60E452F627485FCD009BF0B6 /* MovieCell.swift in Sources */ = {isa = PBXBuildFile; fileRef = 60E452F527485FCD009BF0B6 /* MovieCell.swift */; };
		60E452F9274866A9009BF0B6 /* AlamofireImage in Frameworks */ = {isa = PBXBuildFile; productRef = 60E452F8274866A9009BF0B6 /* AlamofireImage */; };
		60E60B1A273DB86B002678D2 /* AppDelegate.swift in Sources */ = {isa = PBXBuildFile; fileRef = 60E60B19273DB86B002678D2 /* AppDelegate.swift */; };
		60E60B1C273DB86B002678D2 /* SceneDelegate.swift in Sources */ = {isa = PBXBuildFile; fileRef = 60E60B1B273DB86B002678D2 /* SceneDelegate.swift */; };
		60E60B1E273DB86B002678D2 /* MoviesViewController.swift in Sources */ = {isa = PBXBuildFile; fileRef = 60E60B1D273DB86B002678D2 /* MoviesViewController.swift */; };
		60E60B21273DB86B002678D2 /* Main.storyboard in Resources */ = {isa = PBXBuildFile; fileRef = 60E60B1F273DB86B002678D2 /* Main.storyboard */; };
		60E60B23273DB872002678D2 /* Assets.xcassets in Resources */ = {isa = PBXBuildFile; fileRef = 60E60B22273DB872002678D2 /* Assets.xcassets */; };
		60E60B26273DB872002678D2 /* LaunchScreen.storyboard in Resources */ = {isa = PBXBuildFile; fileRef = 60E60B24273DB872002678D2 /* LaunchScreen.storyboard */; };
		EB9BAA62AE0174C51BFEA5F8 /* Pods_Flix.framework in Frameworks */ = {isa = PBXBuildFile; fileRef = C8BF134118DBA48F4B4AACC0 /* Pods_Flix.framework */; };
/* End PBXBuildFile section */

/* Begin PBXFileReference section */
		5E238B785544CD17BF031899 /* Pods-Flix.debug.xcconfig */ = {isa = PBXFileReference; includeInIndex = 1; lastKnownFileType = text.xcconfig; name = "Pods-Flix.debug.xcconfig"; path = "Target Support Files/Pods-Flix/Pods-Flix.debug.xcconfig"; sourceTree = "<group>"; };
		606EB65D27570D97004206D9 /* MovieDetailsViewController.swift */ = {isa = PBXFileReference; lastKnownFileType = sourcecode.swift; path = MovieDetailsViewController.swift; sourceTree = "<group>"; };
		606EB65F275984BB004206D9 /* MovieGridViewController.swift */ = {isa = PBXFileReference; lastKnownFileType = sourcecode.swift; path = MovieGridViewController.swift; sourceTree = "<group>"; };
		606EB661275AE138004206D9 /* MovieGridCell.swift */ = {isa = PBXFileReference; lastKnownFileType = sourcecode.swift; path = MovieGridCell.swift; sourceTree = "<group>"; };
		60E452F527485FCD009BF0B6 /* MovieCell.swift */ = {isa = PBXFileReference; lastKnownFileType = sourcecode.swift; path = MovieCell.swift; sourceTree = "<group>"; };
		60E60B16273DB86B002678D2 /* Flix.app */ = {isa = PBXFileReference; explicitFileType = wrapper.application; includeInIndex = 0; path = Flix.app; sourceTree = BUILT_PRODUCTS_DIR; };
		60E60B19273DB86B002678D2 /* AppDelegate.swift */ = {isa = PBXFileReference; lastKnownFileType = sourcecode.swift; path = AppDelegate.swift; sourceTree = "<group>"; };
		60E60B1B273DB86B002678D2 /* SceneDelegate.swift */ = {isa = PBXFileReference; lastKnownFileType = sourcecode.swift; path = SceneDelegate.swift; sourceTree = "<group>"; };
		60E60B1D273DB86B002678D2 /* MoviesViewController.swift */ = {isa = PBXFileReference; lastKnownFileType = sourcecode.swift; path = MoviesViewController.swift; sourceTree = "<group>"; };
		60E60B20273DB86B002678D2 /* Base */ = {isa = PBXFileReference; lastKnownFileType = file.storyboard; name = Base; path = Base.lproj/Main.storyboard; sourceTree = "<group>"; };
		60E60B22273DB872002678D2 /* Assets.xcassets */ = {isa = PBXFileReference; lastKnownFileType = folder.assetcatalog; path = Assets.xcassets; sourceTree = "<group>"; };
		60E60B25273DB872002678D2 /* Base */ = {isa = PBXFileReference; lastKnownFileType = file.storyboard; name = Base; path = Base.lproj/LaunchScreen.storyboard; sourceTree = "<group>"; };
		60E60B27273DB872002678D2 /* Info.plist */ = {isa = PBXFileReference; lastKnownFileType = text.plist.xml; path = Info.plist; sourceTree = "<group>"; };
		7B4ED5D6AB5B97C008562291 /* Pods-Flix.release.xcconfig */ = {isa = PBXFileReference; includeInIndex = 1; lastKnownFileType = text.xcconfig; name = "Pods-Flix.release.xcconfig"; path = "Target Support Files/Pods-Flix/Pods-Flix.release.xcconfig"; sourceTree = "<group>"; };
		C8BF134118DBA48F4B4AACC0 /* Pods_Flix.framework */ = {isa = PBXFileReference; explicitFileType = wrapper.framework; includeInIndex = 0; path = Pods_Flix.framework; sourceTree = BUILT_PRODUCTS_DIR; };
/* End PBXFileReference section */

/* Begin PBXFrameworksBuildPhase section */
		60E60B13273DB86B002678D2 /* Frameworks */ = {
			isa = PBXFrameworksBuildPhase;
			buildActionMask = 2147483647;
			files = (
				60E452F9274866A9009BF0B6 /* AlamofireImage in Frameworks */,
				EB9BAA62AE0174C51BFEA5F8 /* Pods_Flix.framework in Frameworks */,
			);
			runOnlyForDeploymentPostprocessing = 0;
		};
/* End PBXFrameworksBuildPhase section */

/* Begin PBXGroup section */
		60E60B0D273DB86A002678D2 = {
			isa = PBXGroup;
			children = (
				60E60B18273DB86B002678D2 /* Flix */,
				60E60B17273DB86B002678D2 /* Products */,
				EBDAB72FA462FB5A2E51687E /* Pods */,
				C5B92543DE9D511E363B6ED0 /* Frameworks */,
			);
			sourceTree = "<group>";
		};
		60E60B17273DB86B002678D2 /* Products */ = {
			isa = PBXGroup;
			children = (
				60E60B16273DB86B002678D2 /* Flix.app */,
			);
			name = Products;
			sourceTree = "<group>";
		};
		60E60B18273DB86B002678D2 /* Flix */ = {
			isa = PBXGroup;
			children = (
				60E60B19273DB86B002678D2 /* AppDelegate.swift */,
				60E60B1B273DB86B002678D2 /* SceneDelegate.swift */,
				60E60B1D273DB86B002678D2 /* MoviesViewController.swift */,
				60E60B1F273DB86B002678D2 /* Main.storyboard */,
				606EB661275AE138004206D9 /* MovieGridCell.swift */,
				606EB65F275984BB004206D9 /* MovieGridViewController.swift */,
				60E452F527485FCD009BF0B6 /* MovieCell.swift */,
				60E60B22273DB872002678D2 /* Assets.xcassets */,
				60E60B24273DB872002678D2 /* LaunchScreen.storyboard */,
				60E60B27273DB872002678D2 /* Info.plist */,
				606EB65D27570D97004206D9 /* MovieDetailsViewController.swift */,
			);
			path = Flix;
			sourceTree = "<group>";
		};
		C5B92543DE9D511E363B6ED0 /* Frameworks */ = {
			isa = PBXGroup;
			children = (
				C8BF134118DBA48F4B4AACC0 /* Pods_Flix.framework */,
			);
			name = Frameworks;
			sourceTree = "<group>";
		};
		EBDAB72FA462FB5A2E51687E /* Pods */ = {
			isa = PBXGroup;
			children = (
				5E238B785544CD17BF031899 /* Pods-Flix.debug.xcconfig */,
				7B4ED5D6AB5B97C008562291 /* Pods-Flix.release.xcconfig */,
			);
			path = Pods;
			sourceTree = "<group>";
		};
/* End PBXGroup section */

/* Begin PBXNativeTarget section */
		60E60B15273DB86B002678D2 /* Flix */ = {
			isa = PBXNativeTarget;
			buildConfigurationList = 60E60B2A273DB872002678D2 /* Build configuration list for PBXNativeTarget "Flix" */;
			buildPhases = (
				CE8B0931395DA1303A50A34A /* [CP] Check Pods Manifest.lock */,
				60E60B12273DB86B002678D2 /* Sources */,
				60E60B13273DB86B002678D2 /* Frameworks */,
				60E60B14273DB86B002678D2 /* Resources */,
				5060F471A38506B37DA20FA5 /* [CP] Embed Pods Frameworks */,
			);
			buildRules = (
			);
			dependencies = (
			);
			name = Flix;
			packageProductDependencies = (
				60E452F8274866A9009BF0B6 /* AlamofireImage */,
			);
			productName = Flix;
			productReference = 60E60B16273DB86B002678D2 /* Flix.app */;
			productType = "com.apple.product-type.application";
		};
/* End PBXNativeTarget section */

/* Begin PBXProject section */
		60E60B0E273DB86A002678D2 /* Project object */ = {
			isa = PBXProject;
			attributes = {
				LastSwiftUpdateCheck = 1250;
				LastUpgradeCheck = 1250;
				TargetAttributes = {
					60E60B15273DB86B002678D2 = {
						CreatedOnToolsVersion = 12.5.1;
					};
				};
			};
			buildConfigurationList = 60E60B11273DB86B002678D2 /* Build configuration list for PBXProject "Flix" */;
			compatibilityVersion = "Xcode 9.3";
			developmentRegion = en;
			hasScannedForEncodings = 0;
			knownRegions = (
				en,
				Base,
			);
			mainGroup = 60E60B0D273DB86A002678D2;
			packageReferences = (
				60E452F7274866A9009BF0B6 /* XCRemoteSwiftPackageReference "AlamofireImage" */,
			);
			productRefGroup = 60E60B17273DB86B002678D2 /* Products */;
			projectDirPath = "";
			projectRoot = "";
			targets = (
				60E60B15273DB86B002678D2 /* Flix */,
			);
		};
/* End PBXProject section */

/* Begin PBXResourcesBuildPhase section */
		60E60B14273DB86B002678D2 /* Resources */ = {
			isa = PBXResourcesBuildPhase;
			buildActionMask = 2147483647;
			files = (
				60E60B26273DB872002678D2 /* LaunchScreen.storyboard in Resources */,
				60E60B23273DB872002678D2 /* Assets.xcassets in Resources */,
				60E60B21273DB86B002678D2 /* Main.storyboard in Resources */,
			);
			runOnlyForDeploymentPostprocessing = 0;
		};
/* End PBXResourcesBuildPhase section */

/* Begin PBXShellScriptBuildPhase section */
		5060F471A38506B37DA20FA5 /* [CP] Embed Pods Frameworks */ = {
			isa = PBXShellScriptBuildPhase;
			buildActionMask = 2147483647;
			files = (
			);
			inputFileListPaths = (
				"${PODS_ROOT}/Target Support Files/Pods-Flix/Pods-Flix-frameworks-${CONFIGURATION}-input-files.xcfilelist",
			);
			name = "[CP] Embed Pods Frameworks";
			outputFileListPaths = (
				"${PODS_ROOT}/Target Support Files/Pods-Flix/Pods-Flix-frameworks-${CONFIGURATION}-output-files.xcfilelist",
			);
			runOnlyForDeploymentPostprocessing = 0;
			shellPath = /bin/sh;
			shellScript = "\"${PODS_ROOT}/Target Support Files/Pods-Flix/Pods-Flix-frameworks.sh\"\n";
			showEnvVarsInLog = 0;
		};
		CE8B0931395DA1303A50A34A /* [CP] Check Pods Manifest.lock */ = {
			isa = PBXShellScriptBuildPhase;
			buildActionMask = 2147483647;
			files = (
			);
			inputFileListPaths = (
			);
			inputPaths = (
				"${PODS_PODFILE_DIR_PATH}/Podfile.lock",
				"${PODS_ROOT}/Manifest.lock",
			);
			name = "[CP] Check Pods Manifest.lock";
			outputFileListPaths = (
			);
			outputPaths = (
				"$(DERIVED_FILE_DIR)/Pods-Flix-checkManifestLockResult.txt",
			);
			runOnlyForDeploymentPostprocessing = 0;
			shellPath = /bin/sh;
			shellScript = "diff \"${PODS_PODFILE_DIR_PATH}/Podfile.lock\" \"${PODS_ROOT}/Manifest.lock\" > /dev/null\nif [ $? != 0 ] ; then\n    # print error to STDERR\n    echo \"error: The sandbox is not in sync with the Podfile.lock. Run 'pod install' or update your CocoaPods installation.\" >&2\n    exit 1\nfi\n# This output is used by Xcode 'outputs' to avoid re-running this script phase.\necho \"SUCCESS\" > \"${SCRIPT_OUTPUT_FILE_0}\"\n";
			showEnvVarsInLog = 0;
		};
/* End PBXShellScriptBuildPhase section */

/* Begin PBXSourcesBuildPhase section */
		60E60B12273DB86B002678D2 /* Sources */ = {
			isa = PBXSourcesBuildPhase;
			buildActionMask = 2147483647;
			files = (
				606EB65E27570D97004206D9 /* MovieDetailsViewController.swift in Sources */,
				60E60B1E273DB86B002678D2 /* MoviesViewController.swift in Sources */,
				60E60B1A273DB86B002678D2 /* AppDelegate.swift in Sources */,
				60E452F627485FCD009BF0B6 /* MovieCell.swift in Sources */,
				60E60B1C273DB86B002678D2 /* SceneDelegate.swift in Sources */,
				606EB660275984BC004206D9 /* MovieGridViewController.swift in Sources */,
				606EB662275AE138004206D9 /* MovieGridCell.swift in Sources */,
			);
			runOnlyForDeploymentPostprocessing = 0;
		};
/* End PBXSourcesBuildPhase section */

/* Begin PBXVariantGroup section */
		60E60B1F273DB86B002678D2 /* Main.storyboard */ = {
			isa = PBXVariantGroup;
			children = (
				60E60B20273DB86B002678D2 /* Base */,
			);
			name = Main.storyboard;
			sourceTree = "<group>";
		};
		60E60B24273DB872002678D2 /* LaunchScreen.storyboard */ = {
			isa = PBXVariantGroup;
			children = (
				60E60B25273DB872002678D2 /* Base */,
			);
			name = LaunchScreen.storyboard;
			sourceTree = "<group>";
		};
/* End PBXVariantGroup section */

/* Begin XCBuildConfiguration section */
		60E60B28273DB872002678D2 /* Debug */ = {
			isa = XCBuildConfiguration;
			buildSettings = {
				ALWAYS_SEARCH_USER_PATHS = NO;
				CLANG_ANALYZER_NONNULL = YES;
				CLANG_ANALYZER_NUMBER_OBJECT_CONVERSION = YES_AGGRESSIVE;
				CLANG_CXX_LANGUAGE_STANDARD = "gnu++14";
				CLANG_CXX_LIBRARY = "libc++";
				CLANG_ENABLE_MODULES = YES;
				CLANG_ENABLE_OBJC_ARC = YES;
				CLANG_ENABLE_OBJC_WEAK = YES;
				CLANG_WARN_BLOCK_CAPTURE_AUTORELEASING = YES;
				CLANG_WARN_BOOL_CONVERSION = YES;
				CLANG_WARN_COMMA = YES;
				CLANG_WARN_CONSTANT_CONVERSION = YES;
				CLANG_WARN_DEPRECATED_OBJC_IMPLEMENTATIONS = YES;
				CLANG_WARN_DIRECT_OBJC_ISA_USAGE = YES_ERROR;
				CLANG_WARN_DOCUMENTATION_COMMENTS = YES;
				CLANG_WARN_EMPTY_BODY = YES;
				CLANG_WARN_ENUM_CONVERSION = YES;
				CLANG_WARN_INFINITE_RECURSION = YES;
				CLANG_WARN_INT_CONVERSION = YES;
				CLANG_WARN_NON_LITERAL_NULL_CONVERSION = YES;
				CLANG_WARN_OBJC_IMPLICIT_RETAIN_SELF = YES;
				CLANG_WARN_OBJC_LITERAL_CONVERSION = YES;
				CLANG_WARN_OBJC_ROOT_CLASS = YES_ERROR;
				CLANG_WARN_QUOTED_INCLUDE_IN_FRAMEWORK_HEADER = YES;
				CLANG_WARN_RANGE_LOOP_ANALYSIS = YES;
				CLANG_WARN_STRICT_PROTOTYPES = YES;
				CLANG_WARN_SUSPICIOUS_MOVE = YES;
				CLANG_WARN_UNGUARDED_AVAILABILITY = YES_AGGRESSIVE;
				CLANG_WARN_UNREACHABLE_CODE = YES;
				CLANG_WARN__DUPLICATE_METHOD_MATCH = YES;
				COPY_PHASE_STRIP = NO;
				DEBUG_INFORMATION_FORMAT = dwarf;
				ENABLE_STRICT_OBJC_MSGSEND = YES;
				ENABLE_TESTABILITY = YES;
				GCC_C_LANGUAGE_STANDARD = gnu11;
				GCC_DYNAMIC_NO_PIC = NO;
				GCC_NO_COMMON_BLOCKS = YES;
				GCC_OPTIMIZATION_LEVEL = 0;
				GCC_PREPROCESSOR_DEFINITIONS = (
					"DEBUG=1",
					"$(inherited)",
				);
				GCC_WARN_64_TO_32_BIT_CONVERSION = YES;
				GCC_WARN_ABOUT_RETURN_TYPE = YES_ERROR;
				GCC_WARN_UNDECLARED_SELECTOR = YES;
				GCC_WARN_UNINITIALIZED_AUTOS = YES_AGGRESSIVE;
				GCC_WARN_UNUSED_FUNCTION = YES;
				GCC_WARN_UNUSED_VARIABLE = YES;
				IPHONEOS_DEPLOYMENT_TARGET = 14.5;
				MTL_ENABLE_DEBUG_INFO = INCLUDE_SOURCE;
				MTL_FAST_MATH = YES;
				ONLY_ACTIVE_ARCH = YES;
				SDKROOT = iphoneos;
				SWIFT_ACTIVE_COMPILATION_CONDITIONS = DEBUG;
				SWIFT_OPTIMIZATION_LEVEL = "-Onone";
			};
			name = Debug;
		};
		60E60B29273DB872002678D2 /* Release */ = {
			isa = XCBuildConfiguration;
			buildSettings = {
				ALWAYS_SEARCH_USER_PATHS = NO;
				CLANG_ANALYZER_NONNULL = YES;
				CLANG_ANALYZER_NUMBER_OBJECT_CONVERSION = YES_AGGRESSIVE;
				CLANG_CXX_LANGUAGE_STANDARD = "gnu++14";
				CLANG_CXX_LIBRARY = "libc++";
				CLANG_ENABLE_MODULES = YES;
				CLANG_ENABLE_OBJC_ARC = YES;
				CLANG_ENABLE_OBJC_WEAK = YES;
				CLANG_WARN_BLOCK_CAPTURE_AUTORELEASING = YES;
				CLANG_WARN_BOOL_CONVERSION = YES;
				CLANG_WARN_COMMA = YES;
				CLANG_WARN_CONSTANT_CONVERSION = YES;
				CLANG_WARN_DEPRECATED_OBJC_IMPLEMENTATIONS = YES;
				CLANG_WARN_DIRECT_OBJC_ISA_USAGE = YES_ERROR;
				CLANG_WARN_DOCUMENTATION_COMMENTS = YES;
				CLANG_WARN_EMPTY_BODY = YES;
				CLANG_WARN_ENUM_CONVERSION = YES;
				CLANG_WARN_INFINITE_RECURSION = YES;
				CLANG_WARN_INT_CONVERSION = YES;
				CLANG_WARN_NON_LITERAL_NULL_CONVERSION = YES;
				CLANG_WARN_OBJC_IMPLICIT_RETAIN_SELF = YES;
				CLANG_WARN_OBJC_LITERAL_CONVERSION = YES;
				CLANG_WARN_OBJC_ROOT_CLASS = YES_ERROR;
				CLANG_WARN_QUOTED_INCLUDE_IN_FRAMEWORK_HEADER = YES;
				CLANG_WARN_RANGE_LOOP_ANALYSIS = YES;
				CLANG_WARN_STRICT_PROTOTYPES = YES;
				CLANG_WARN_SUSPICIOUS_MOVE = YES;
				CLANG_WARN_UNGUARDED_AVAILABILITY = YES_AGGRESSIVE;
				CLANG_WARN_UNREACHABLE_CODE = YES;
				CLANG_WARN__DUPLICATE_METHOD_MATCH = YES;
				COPY_PHASE_STRIP = NO;
				DEBUG_INFORMATION_FORMAT = "dwarf-with-dsym";
				ENABLE_NS_ASSERTIONS = NO;
				ENABLE_STRICT_OBJC_MSGSEND = YES;
				GCC_C_LANGUAGE_STANDARD = gnu11;
				GCC_NO_COMMON_BLOCKS = YES;
				GCC_WARN_64_TO_32_BIT_CONVERSION = YES;
				GCC_WARN_ABOUT_RETURN_TYPE = YES_ERROR;
				GCC_WARN_UNDECLARED_SELECTOR = YES;
				GCC_WARN_UNINITIALIZED_AUTOS = YES_AGGRESSIVE;
				GCC_WARN_UNUSED_FUNCTION = YES;
				GCC_WARN_UNUSED_VARIABLE = YES;
				IPHONEOS_DEPLOYMENT_TARGET = 14.5;
				MTL_ENABLE_DEBUG_INFO = NO;
				MTL_FAST_MATH = YES;
				SDKROOT = iphoneos;
				SWIFT_COMPILATION_MODE = wholemodule;
				SWIFT_OPTIMIZATION_LEVEL = "-O";
				VALIDATE_PRODUCT = YES;
			};
			name = Release;
		};
		60E60B2B273DB872002678D2 /* Debug */ = {
			isa = XCBuildConfiguration;
			baseConfigurationReference = 5E238B785544CD17BF031899 /* Pods-Flix.debug.xcconfig */;
			buildSettings = {
				ASSETCATALOG_COMPILER_APPICON_NAME = AppIcon;
				ASSETCATALOG_COMPILER_GLOBAL_ACCENT_COLOR_NAME = AccentColor;
				CODE_SIGN_STYLE = Automatic;
				DEVELOPMENT_TEAM = G3B8JJPD4A;
				INFOPLIST_FILE = Flix/Info.plist;
				LD_RUNPATH_SEARCH_PATHS = (
					"$(inherited)",
					"@executable_path/Frameworks",
				);
				PRODUCT_BUNDLE_IDENTIFIER = com.matthewsharp.Flix;
				PRODUCT_NAME = "$(TARGET_NAME)";
				SWIFT_VERSION = 5.0;
				TARGETED_DEVICE_FAMILY = "1,2";
			};
			name = Debug;
		};
		60E60B2C273DB872002678D2 /* Release */ = {
			isa = XCBuildConfiguration;
			baseConfigurationReference = 7B4ED5D6AB5B97C008562291 /* Pods-Flix.release.xcconfig */;
			buildSettings = {
				ASSETCATALOG_COMPILER_APPICON_NAME = AppIcon;
				ASSETCATALOG_COMPILER_GLOBAL_ACCENT_COLOR_NAME = AccentColor;
				CODE_SIGN_STYLE = Automatic;
				DEVELOPMENT_TEAM = G3B8JJPD4A;
				INFOPLIST_FILE = Flix/Info.plist;
				LD_RUNPATH_SEARCH_PATHS = (
					"$(inherited)",
					"@executable_path/Frameworks",
				);
				PRODUCT_BUNDLE_IDENTIFIER = com.matthewsharp.Flix;
				PRODUCT_NAME = "$(TARGET_NAME)";
				SWIFT_VERSION = 5.0;
				TARGETED_DEVICE_FAMILY = "1,2";
			};
			name = Release;
		};
/* End XCBuildConfiguration section */

/* Begin XCConfigurationList section */
		60E60B11273DB86B002678D2 /* Build configuration list for PBXProject "Flix" */ = {
			isa = XCConfigurationList;
			buildConfigurations = (
				60E60B28273DB872002678D2 /* Debug */,
				60E60B29273DB872002678D2 /* Release */,
			);
			defaultConfigurationIsVisible = 0;
			defaultConfigurationName = Release;
		};
		60E60B2A273DB872002678D2 /* Build configuration list for PBXNativeTarget "Flix" */ = {
			isa = XCConfigurationList;
			buildConfigurations = (
				60E60B2B273DB872002678D2 /* Debug */,
				60E60B2C273DB872002678D2 /* Release */,
			);
			defaultConfigurationIsVisible = 0;
			defaultConfigurationName = Release;
		};
/* End XCConfigurationList section */

/* Begin XCRemoteSwiftPackageReference section */
		60E452F7274866A9009BF0B6 /* XCRemoteSwiftPackageReference "AlamofireImage" */ = {
			isa = XCRemoteSwiftPackageReference;
			repositoryURL = "https://github.com/Alamofire/AlamofireImage";
			requirement = {
				kind = upToNextMajorVersion;
				minimumVersion = 4.2.0;
			};
		};
/* End XCRemoteSwiftPackageReference section */

/* Begin XCSwiftPackageProductDependency section */
		60E452F8274866A9009BF0B6 /* AlamofireImage */ = {
			isa = XCSwiftPackageProductDependency;
			package = 60E452F7274866A9009BF0B6 /* XCRemoteSwiftPackageReference "AlamofireImage" */;
			productName = AlamofireImage;
		};
/* End XCSwiftPackageProductDependency section */
	};
	rootObject = 60E60B0E273DB86A002678D2 /* Project object */;
}
